
Microsoft Visual Studio Solution File, Format Version 12.00
# Visual Studio Version 17
VisualStudioVersion = 17.0.31919.166
MinimumVisualStudioVersion = 10.0.40219.1
Project("{2150E333-8FDC-42A3-9474-1A3956D46DE8}") = "1-Consumer", "1-Consumer", "{ACC0E7C8-4D3D-4047-B0E2-1E2C8623D2B3}"
EndProject
Project("{2150E333-8FDC-42A3-9474-1A3956D46DE8}") = "2-Producer", "2-Producer", "{73C48A38-40E2-4DED-BC84-C51D065740E6}"
EndProject
Project("{2150E333-8FDC-42A3-9474-1A3956D46DE8}") = "Infra", "Infra", "{FEF4DEE3-600E-4225-A304-40E6FF32494A}"
EndProject
Project("{9A19103F-16F7-4668-BE54-9A1E7A4F7556}") = "RabbitMQ.BackgroundServices.Worker", "1-Consumer\RabbitMQ.BackgroundServices.Worker\RabbitMQ.BackgroundServices.Worker.csproj", "{5EFC7870-2BCF-458F-8B12-EA3AC26ACBA9}"
EndProject
Project("{9A19103F-16F7-4668-BE54-9A1E7A4F7556}") = "RabbitMQ.Infra.CrossCutting.IoC", "Infra\RabbitMQ.Infra.CrossCutting.IoC\RabbitMQ.Infra.CrossCutting.IoC.csproj", "{0A644E9C-86FB-4479-BBF5-2FDE1A45BF09}"
EndProject
Project("{9A19103F-16F7-4668-BE54-9A1E7A4F7556}") = "RabbitMQ.Infra.MessageBroker", "Infra\RabbitMQ.Infra.MessageBroker\RabbitMQ.Infra.MessageBroker.csproj", "{D3FE78AC-0A31-4D07-B96C-92D102ED1F6F}"
EndProject
Project("{FAE04EC0-301F-11D3-BF4B-00C04F79EFBC}") = "RabbitMQ.Api.Producer", "RabbitMQ.Api.Producer\RabbitMQ.Api.Producer.csproj", "{DD9AA757-A98C-4E7D-A99B-4B4E47F793D5}"
EndProject
Global
	GlobalSection(SolutionConfigurationPlatforms) = preSolution
		Debug|Any CPU = Debug|Any CPU
		Release|Any CPU = Release|Any CPU
	EndGlobalSection
	GlobalSection(ProjectConfigurationPlatforms) = postSolution
		{5EFC7870-2BCF-458F-8B12-EA3AC26ACBA9}.Debug|Any CPU.ActiveCfg = Debug|Any CPU
		{5EFC7870-2BCF-458F-8B12-EA3AC26ACBA9}.Debug|Any CPU.Build.0 = Debug|Any CPU
		{5EFC7870-2BCF-458F-8B12-EA3AC26ACBA9}.Release|Any CPU.ActiveCfg = Release|Any CPU
		{5EFC7870-2BCF-458F-8B12-EA3AC26ACBA9}.Release|Any CPU.Build.0 = Release|Any CPU
		{0A644E9C-86FB-4479-BBF5-2FDE1A45BF09}.Debug|Any CPU.ActiveCfg = Debug|Any CPU
		{0A644E9C-86FB-4479-BBF5-2FDE1A45BF09}.Debug|Any CPU.Build.0 = Debug|Any CPU
		{0A644E9C-86FB-4479-BBF5-2FDE1A45BF09}.Release|Any CPU.ActiveCfg = Release|Any CPU
		{0A644E9C-86FB-4479-BBF5-2FDE1A45BF09}.Release|Any CPU.Build.0 = Release|Any CPU
		{D3FE78AC-0A31-4D07-B96C-92D102ED1F6F}.Debug|Any CPU.ActiveCfg = Debug|Any CPU
		{D3FE78AC-0A31-4D07-B96C-92D102ED1F6F}.Debug|Any CPU.Build.0 = Debug|Any CPU
		{D3FE78AC-0A31-4D07-B96C-92D102ED1F6F}.Release|Any CPU.ActiveCfg = Release|Any CPU
		{D3FE78AC-0A31-4D07-B96C-92D102ED1F6F}.Release|Any CPU.Build.0 = Release|Any CPU
		{DD9AA757-A98C-4E7D-A99B-4B4E47F793D5}.Debug|Any CPU.ActiveCfg = Debug|Any CPU
		{DD9AA757-A98C-4E7D-A99B-4B4E47F793D5}.Debug|Any CPU.Build.0 = Debug|Any CPU
		{DD9AA757-A98C-4E7D-A99B-4B4E47F793D5}.Release|Any CPU.ActiveCfg = Release|Any CPU
		{DD9AA757-A98C-4E7D-A99B-4B4E47F793D5}.Release|Any CPU.Build.0 = Release|Any CPU
	EndGlobalSection
	GlobalSection(SolutionProperties) = preSolution
		HideSolutionNode = FALSE
	EndGlobalSection
	GlobalSection(NestedProjects) = preSolution
		{5EFC7870-2BCF-458F-8B12-EA3AC26ACBA9} = {ACC0E7C8-4D3D-4047-B0E2-1E2C8623D2B3}
		{0A644E9C-86FB-4479-BBF5-2FDE1A45BF09} = {FEF4DEE3-600E-4225-A304-40E6FF32494A}
		{D3FE78AC-0A31-4D07-B96C-92D102ED1F6F} = {FEF4DEE3-600E-4225-A304-40E6FF32494A}
		{DD9AA757-A98C-4E7D-A99B-4B4E47F793D5} = {73C48A38-40E2-4DED-BC84-C51D065740E6}
	EndGlobalSection
	GlobalSection(ExtensibilityGlobals) = postSolution
		SolutionGuid = {8A44765C-E32A-44F3-9AF4-15DCD12FAC54}
	EndGlobalSection
EndGlobal
